{
  "lockfileVersion": 1,
  "configVersion": 1,
  "workspaces": {
    "": {
      "name": "@pirate/api-shared",
      "devDependencies": {
        "@types/node": "^24.5.2",
        "@typescript/native-preview": "^7.0.0-dev.20260421.2",
        "typescript": "^5.8.3",
      },
    },
  },
  "packages": {
    "@types/node": ["@types/node@24.12.3", "", { "dependencies": { "undici-types": "~7.16.0" } }, "sha512-8oljBDGun9cIsZRJR6fkihn0TSXJI0UDOOhncYaERq6M0JMDoPLxyscwruJcb4GKS6dvK/d8xebYBg27h/duaQ=="],

    "@typescript/native-preview": ["@typescript/native-preview@7.0.0-dev.20260509.2", "", { "optionalDependencies": { "@typescript/native-preview-darwin-arm64": "7.0.0-dev.20260509.2", "@typescript/native-preview-darwin-x64": "7.0.0-dev.20260509.2", "@typescript/native-preview-linux-arm": "7.0.0-dev.20260509.2", "@typescript/native-preview-linux-arm64": "7.0.0-dev.20260509.2", "@typescript/native-preview-linux-x64": "7.0.0-dev.20260509.2", "@typescript/native-preview-win32-arm64": "7.0.0-dev.20260509.2", "@typescript/native-preview-win32-x64": "7.0.0-dev.20260509.2" }, "bin": { "tsgo": "bin/tsgo.js" } }, "sha512-JAJpEX0yBaEle2zzbX5z9QAhmEfML1SyQafLwbKCdcOtnkGdk5xD8NKIVxq+nTwYjRwuV7kKnQ+fqU3gpWY0qQ=="],

    "@typescript/native-preview-darwin-arm64": ["@typescript/native-preview-darwin-arm64@7.0.0-dev.20260509.2", "", { "os": "darwin", "cpu": "arm64" }, "sha512-oG9KahiCpx4q70Ood/rRJhYio4oIMHEHfX0g0LhfenlSIjIonitZWjUmUVG9N9q1ev9QWcM8pWpDrGGP0Osp3Q=="],

    "@typescript/native-preview-darwin-x64": ["@typescript/native-preview-darwin-x64@7.0.0-dev.20260509.2", "", { "os": "darwin", "cpu": "x64" }, "sha512-xdEkp23Gu8I7PJCMmSMYtSLX76NKODWj74AoWFPi6MM59ICsjnTSqZf/HmXKSvuNZ5MGb4CMpP3c40dLjGB2PQ=="],

    "@typescript/native-preview-linux-arm": ["@typescript/native-preview-linux-arm@7.0.0-dev.20260509.2", "", { "os": "linux", "cpu": "arm" }, "sha512-ar5HN/V/4HLF4FZCoVVFj+ET1Soi758hb4WhhzYQfSUXQ/bpVGUGP86JAy8EhVMoeN6qxqWet93MkLSszJOIVg=="],

    "@typescript/native-preview-linux-arm64": ["@typescript/native-preview-linux-arm64@7.0.0-dev.20260509.2", "", { "os": "linux", "cpu": "arm64" }, "sha512-rd+bMRtUAFBClOAKi9p2rOu6jPmnrjZVljoFyxHw+6bIRLerEQlxP+nIH1olC3HOZPyZ6/x75WtfzTHYeqffiQ=="],

    "@typescript/native-preview-linux-x64": ["@typescript/native-preview-linux-x64@7.0.0-dev.20260509.2", "", { "os": "linux", "cpu": "x64" }, "sha512-lB26mGzdolYIZiOdBII8roVJCxCUR8zkYszvvHyjB1IPs7d5fmOhT6OzI1zYPYujiSRJi4HVYM1iXTcIfp7KDg=="],

    "@typescript/native-preview-win32-arm64": ["@typescript/native-preview-win32-arm64@7.0.0-dev.20260509.2", "", { "os": "win32", "cpu": "arm64" }, "sha512-gH3UmtyxHiRNEP0LgQXCVlB5+ZN/U+/Z7jM/zULQtTOxIIFK3Y4b8gbGLvP7uW3u2cqYOg2hc2nuN8OdsCmOig=="],

    "@typescript/native-preview-win32-x64": ["@typescript/native-preview-win32-x64@7.0.0-dev.20260509.2", "", { "os": "win32", "cpu": "x64" }, "sha512-kZV0Vh64hp10saOghPlFZE1qahonqvRgU3iubt8pUY4XLe8IQIofwWCN5vzNNeULE4W4mRtAJbHuvP/muOFomw=="],

    "typescript": ["typescript@5.9.3", "", { "bin": { "tsc": "bin/tsc", "tsserver": "bin/tsserver" } }, "sha512-jl1vZzPDinLr9eUt3J/t7V6FgNEw9QjvBPdysz9KfQDD41fQrC2Y4vKQdiaUpFT4bXlb1RHhLpp8wtm6M5TgSw=="],

    "undici-types": ["undici-types@7.16.0", "", {}, "sha512-Zz+aZWSj8LE6zoxD+xrjh4VfkIG8Ya6LvYkZqtUQGJPZjYl53ypCaUwWqo7eI0x66KBGeRo+mlBEkMSeSZ38Nw=="],
  }
}
